
Microsoft Visual Studio Solution File, Format Version 12.00
# Visual Studio Version 17
VisualStudioVersion = 17.3.32929.385
MinimumVisualStudioVersion = 10.0.40219.1
Project("{FAE04EC0-301F-11D3-BF4B-00C04F79EFBC}") = "SwitchCase", "SwitchCase\SwitchCase.csproj", "{62E5C266-98A9-4524-9DEA-D7AFA5E5A3BA}"
EndProject
Global
	GlobalSection(SolutionConfigurationPlatforms) = preSolution
		Debug|Any CPU = Debug|Any CPU
		Release|Any CPU = Release|Any CPU
	EndGlobalSection
	GlobalSection(ProjectConfigurationPlatforms) = postSolution
		{62E5C266-98A9-4524-9DEA-D7AFA5E5A3BA}.Debug|Any CPU.ActiveCfg = Debug|Any CPU
		{62E5C266-98A9-4524-9DEA-D7AFA5E5A3BA}.Debug|Any CPU.Build.0 = Debug|Any CPU
		{62E5C266-98A9-4524-9DEA-D7AFA5E5A3BA}.Release|Any CPU.ActiveCfg = Release|Any CPU
		{62E5C266-98A9-4524-9DEA-D7AFA5E5A3BA}.Release|Any CPU.Build.0 = Release|Any CPU
	EndGlobalSection
	GlobalSection(SolutionProperties) = preSolution
		HideSolutionNode = FALSE
	EndGlobalSection
	GlobalSection(ExtensibilityGlobals) = postSolution
		SolutionGuid = {DA49A895-5BD7-47BF-AD74-B13B158ECD09}
	EndGlobalSection
EndGlobal
